// !$*UTF8*$!
{
	archiveVersion = 1;
	classes = {
	};
	objectVersion = 51;
	objects = {

/* Begin PBXBuildFile section */
		017335903D8FDAEAE1BE85FE /* Pods_nbTest.framework in Frameworks */ = {isa = PBXBuildFile; fileRef = FB163DF3B20BDAF7CF8DD95A /* Pods_nbTest.framework */; };
		501110132577AC95002781D6 /* User.swift in Sources */ = {isa = PBXBuildFile; fileRef = 501110122577AC95002781D6 /* User.swift */; };
		501A16E42574D73F0096669A /* GbLoginController.swift in Sources */ = {isa = PBXBuildFile; fileRef = 501A16E22574D73F0096669A /* GbLoginController.swift */; };
		501A16E52574D73F0096669A /* GbLoginView.swift in Sources */ = {isa = PBXBuildFile; fileRef = 501A16E32574D73F0096669A /* GbLoginView.swift */; };
		5075FD61257396F30034C642 /* AppDelegate.swift in Sources */ = {isa = PBXBuildFile; fileRef = 5075FD60257396F30034C642 /* AppDelegate.swift */; };
		5075FD63257396F30034C642 /* SceneDelegate.swift in Sources */ = {isa = PBXBuildFile; fileRef = 5075FD62257396F30034C642 /* SceneDelegate.swift */; };
		5075FD65257396F30034C642 /* GbViewController.swift in Sources */ = {isa = PBXBuildFile; fileRef = 5075FD64257396F30034C642 /* GbViewController.swift */; };
		5075FD6A257396F60034C642 /* Assets.xcassets in Resources */ = {isa = PBXBuildFile; fileRef = 5075FD69257396F60034C642 /* Assets.xcassets */; };
		5075FD6D257396F60034C642 /* LaunchScreen.storyboard in Resources */ = {isa = PBXBuildFile; fileRef = 5075FD6B257396F60034C642 /* LaunchScreen.storyboard */; };
		5075FD8D25739D9D0034C642 /* GoogleService-Info.plist in Resources */ = {isa = PBXBuildFile; fileRef = 5075FD8C25739D9D0034C642 /* GoogleService-Info.plist */; };
		507DC0CD2575E0EA000574CE /* FirebaseAd.swift in Sources */ = {isa = PBXBuildFile; fileRef = 507DC0CC2575E0E9000574CE /* FirebaseAd.swift */; };
		50FA816425777439006F58BC /* MessagesController.swift in Sources */ = {isa = PBXBuildFile; fileRef = 50FA815F25777439006F58BC /* MessagesController.swift */; };
		50FA816525777439006F58BC /* NewMessageController.swift in Sources */ = {isa = PBXBuildFile; fileRef = 50FA816025777439006F58BC /* NewMessageController.swift */; };
		50FA816625777439006F58BC /* LoginView.swift in Sources */ = {isa = PBXBuildFile; fileRef = 50FA816225777439006F58BC /* LoginView.swift */; };
		50FA816725777439006F58BC /* LoginController.swift in Sources */ = {isa = PBXBuildFile; fileRef = 50FA816325777439006F58BC /* LoginController.swift */; };
/* End PBXBuildFile section */

/* Begin PBXFileReference section */
		085BF649AA8A5D7A3FD609BA /* Pods-nbTest.debug.xcconfig */ = {isa = PBXFileReference; includeInIndex = 1; lastKnownFileType = text.xcconfig; name = "Pods-nbTest.debug.xcconfig"; path = "Target Support Files/Pods-nbTest/Pods-nbTest.debug.xcconfig"; sourceTree = "<group>"; };
		501110122577AC95002781D6 /* User.swift */ = {isa = PBXFileReference; lastKnownFileType = sourcecode.swift; path = User.swift; sourceTree = "<group>"; };
		501A16E22574D73F0096669A /* GbLoginController.swift */ = {isa = PBXFileReference; fileEncoding = 4; lastKnownFileType = sourcecode.swift; path = GbLoginController.swift; sourceTree = "<group>"; };
		501A16E32574D73F0096669A /* GbLoginView.swift */ = {isa = PBXFileReference; fileEncoding = 4; lastKnownFileType = sourcecode.swift; path = GbLoginView.swift; sourceTree = "<group>"; };
		5075FD5D257396F30034C642 /* nbTest.app */ = {isa = PBXFileReference; explicitFileType = wrapper.application; includeInIndex = 0; path = nbTest.app; sourceTree = BUILT_PRODUCTS_DIR; };
		5075FD60257396F30034C642 /* AppDelegate.swift */ = {isa = PBXFileReference; lastKnownFileType = sourcecode.swift; path = AppDelegate.swift; sourceTree = "<group>"; };
		5075FD62257396F30034C642 /* SceneDelegate.swift */ = {isa = PBXFileReference; lastKnownFileType = sourcecode.swift; path = SceneDelegate.swift; sourceTree = "<group>"; };
		5075FD64257396F30034C642 /* GbViewController.swift */ = {isa = PBXFileReference; lastKnownFileType = sourcecode.swift; path = GbViewController.swift; sourceTree = "<group>"; };
		5075FD69257396F60034C642 /* Assets.xcassets */ = {isa = PBXFileReference; lastKnownFileType = folder.assetcatalog; path = Assets.xcassets; sourceTree = "<group>"; };
		5075FD6C257396F60034C642 /* Base */ = {isa = PBXFileReference; lastKnownFileType = file.storyboard; name = Base; path = Base.lproj/LaunchScreen.storyboard; sourceTree = "<group>"; };
		5075FD6E257396F60034C642 /* Info.plist */ = {isa = PBXFileReference; lastKnownFileType = text.plist.xml; path = Info.plist; sourceTree = "<group>"; };
		5075FD8C25739D9D0034C642 /* GoogleService-Info.plist */ = {isa = PBXFileReference; fileEncoding = 4; lastKnownFileType = text.plist.xml; path = "GoogleService-Info.plist"; sourceTree = "<group>"; };
		507DC0CC2575E0E9000574CE /* FirebaseAd.swift */ = {isa = PBXFileReference; lastKnownFileType = sourcecode.swift; path = FirebaseAd.swift; sourceTree = "<group>"; };
		50FA815F25777439006F58BC /* MessagesController.swift */ = {isa = PBXFileReference; fileEncoding = 4; lastKnownFileType = sourcecode.swift; path = MessagesController.swift; sourceTree = "<group>"; };
		50FA816025777439006F58BC /* NewMessageController.swift */ = {isa = PBXFileReference; fileEncoding = 4; lastKnownFileType = sourcecode.swift; path = NewMessageController.swift; sourceTree = "<group>"; };
		50FA816225777439006F58BC /* LoginView.swift */ = {isa = PBXFileReference; fileEncoding = 4; lastKnownFileType = sourcecode.swift; path = LoginView.swift; sourceTree = "<group>"; };
		50FA816325777439006F58BC /* LoginController.swift */ = {isa = PBXFileReference; fileEncoding = 4; lastKnownFileType = sourcecode.swift; path = LoginController.swift; sourceTree = "<group>"; };
		850CA6EC14592C6209F0E5B0 /* Pods-nbTest.release.xcconfig */ = {isa = PBXFileReference; includeInIndex = 1; lastKnownFileType = text.xcconfig; name = "Pods-nbTest.release.xcconfig"; path = "Target Support Files/Pods-nbTest/Pods-nbTest.release.xcconfig"; sourceTree = "<group>"; };
		FB163DF3B20BDAF7CF8DD95A /* Pods_nbTest.framework */ = {isa = PBXFileReference; explicitFileType = wrapper.framework; includeInIndex = 0; path = Pods_nbTest.framework; sourceTree = BUILT_PRODUCTS_DIR; };
/* End PBXFileReference section */

/* Begin PBXFrameworksBuildPhase section */
		5075FD5A257396F30034C642 /* Frameworks */ = {
			isa = PBXFrameworksBuildPhase;
			buildActionMask = 2147483647;
			files = (
				017335903D8FDAEAE1BE85FE /* Pods_nbTest.framework in Frameworks */,
			);
			runOnlyForDeploymentPostprocessing = 0;
		};
/* End PBXFrameworksBuildPhase section */

/* Begin PBXGroup section */
		501110112577AC84002781D6 /* Models */ = {
			isa = PBXGroup;
			children = (
				501110122577AC95002781D6 /* User.swift */,
			);
			path = Models;
			sourceTree = "<group>";
		};
		5075FD54257396F30034C642 = {
			isa = PBXGroup;
			children = (
				5075FD5F257396F30034C642 /* nbTest */,
				5075FD5E257396F30034C642 /* Products */,
				5144ECFA7704C42D273DA10C /* Pods */,
				DA1934BE641837ACD79419B4 /* Frameworks */,
			);
			sourceTree = "<group>";
		};
		5075FD5E257396F30034C642 /* Products */ = {
			isa = PBXGroup;
			children = (
				5075FD5D257396F30034C642 /* nbTest.app */,
			);
			name = Products;
			sourceTree = "<group>";
		};
		5075FD5F257396F30034C642 /* nbTest */ = {
			isa = PBXGroup;
			children = (
				501110112577AC84002781D6 /* Models */,
				5075FD60257396F30034C642 /* AppDelegate.swift */,
				5075FD62257396F30034C642 /* SceneDelegate.swift */,
				50FA815825777350006F58BC /* Gb */,
				50FA815D25777439006F58BC /* Flows */,
				5075FD69257396F60034C642 /* Assets.xcassets */,
				5075FD6B257396F60034C642 /* LaunchScreen.storyboard */,
				5075FD6E257396F60034C642 /* Info.plist */,
				5075FD8C25739D9D0034C642 /* GoogleService-Info.plist */,
			);
			path = nbTest;
			sourceTree = "<group>";
		};
		50FA815825777350006F58BC /* Gb */ = {
			isa = PBXGroup;
			children = (
				507DC0CC2575E0E9000574CE /* FirebaseAd.swift */,
				501A16E32574D73F0096669A /* GbLoginView.swift */,
				501A16E22574D73F0096669A /* GbLoginController.swift */,
				5075FD64257396F30034C642 /* GbViewController.swift */,
			);
			path = Gb;
			sourceTree = "<group>";
		};
		50FA815D25777439006F58BC /* Flows */ = {
			isa = PBXGroup;
			children = (
				50FA815E25777439006F58BC /* Messages */,
				50FA816125777439006F58BC /* Login */,
			);
			path = Flows;
			sourceTree = "<group>";
		};
		50FA815E25777439006F58BC /* Messages */ = {
			isa = PBXGroup;
			children = (
				50FA815F25777439006F58BC /* MessagesController.swift */,
				50FA816025777439006F58BC /* NewMessageController.swift */,
			);
			path = Messages;
			sourceTree = "<group>";
		};
		50FA816125777439006F58BC /* Login */ = {
			isa = PBXGroup;
			children = (
				50FA816225777439006F58BC /* LoginView.swift */,
				50FA816325777439006F58BC /* LoginController.swift */,
			);
			path = Login;
			sourceTree = "<group>";
		};
		5144ECFA7704C42D273DA10C /* Pods */ = {
			isa = PBXGroup;
			children = (
				085BF649AA8A5D7A3FD609BA /* Pods-nbTest.debug.xcconfig */,
				850CA6EC14592C6209F0E5B0 /* Pods-nbTest.release.xcconfig */,
			);
			path = Pods;
			sourceTree = "<group>";
		};
		DA1934BE641837ACD79419B4 /* Frameworks */ = {
			isa = PBXGroup;
			children = (
				FB163DF3B20BDAF7CF8DD95A /* Pods_nbTest.framework */,
			);
			name = Frameworks;
			sourceTree = "<group>";
		};
/* End PBXGroup section */

/* Begin PBXNativeTarget section */
		5075FD5C257396F30034C642 /* nbTest */ = {
			isa = PBXNativeTarget;
			buildConfigurationList = 5075FD71257396F60034C642 /* Build configuration list for PBXNativeTarget "nbTest" */;
			buildPhases = (
				1590F501318F532B293B3674 /* [CP] Check Pods Manifest.lock */,
				5075FD59257396F30034C642 /* Sources */,
				5075FD5A257396F30034C642 /* Frameworks */,
				5075FD5B257396F30034C642 /* Resources */,
				91E2CA41EAC7413608F291CC /* [CP] Embed Pods Frameworks */,
			);
			buildRules = (
			);
			dependencies = (
			);
			name = nbTest;
			productName = nbTest;
			productReference = 5075FD5D257396F30034C642 /* nbTest.app */;
			productType = "com.apple.product-type.application";
		};
/* End PBXNativeTarget section */

/* Begin PBXProject section */
		5075FD55257396F30034C642 /* Project object */ = {
			isa = PBXProject;
			attributes = {
				LastSwiftUpdateCheck = 1220;
				LastUpgradeCheck = 1220;
				TargetAttributes = {
					5075FD5C257396F30034C642 = {
						CreatedOnToolsVersion = 12.2;
					};
				};
			};
			buildConfigurationList = 5075FD58257396F30034C642 /* Build configuration list for PBXProject "nbTest" */;
			compatibilityVersion = "Xcode 9.3";
			developmentRegion = en;
			hasScannedForEncodings = 0;
			knownRegions = (
				en,
				Base,
			);
			mainGroup = 5075FD54257396F30034C642;
			productRefGroup = 5075FD5E257396F30034C642 /* Products */;
			projectDirPath = "";
			projectRoot = "";
			targets = (
				5075FD5C257396F30034C642 /* nbTest */,
			);
		};
/* End PBXProject section */

/* Begin PBXResourcesBuildPhase section */
		5075FD5B257396F30034C642 /* Resources */ = {
			isa = PBXResourcesBuildPhase;
			buildActionMask = 2147483647;
			files = (
				5075FD6D257396F60034C642 /* LaunchScreen.storyboard in Resources */,
				5075FD6A257396F60034C642 /* Assets.xcassets in Resources */,
				5075FD8D25739D9D0034C642 /* GoogleService-Info.plist in Resources */,
			);
			runOnlyForDeploymentPostprocessing = 0;
		};
/* End PBXResourcesBuildPhase section */

/* Begin PBXShellScriptBuildPhase section */
		1590F501318F532B293B3674 /* [CP] Check Pods Manifest.lock */ = {
			isa = PBXShellScriptBuildPhase;
			buildActionMask = 2147483647;
			files = (
			);
			inputFileListPaths = (
			);
			inputPaths = (
				"${PODS_PODFILE_DIR_PATH}/Podfile.lock",
				"${PODS_ROOT}/Manifest.lock",
			);
			name = "[CP] Check Pods Manifest.lock";
			outputFileListPaths = (
			);
			outputPaths = (
				"$(DERIVED_FILE_DIR)/Pods-nbTest-checkManifestLockResult.txt",
			);
			runOnlyForDeploymentPostprocessing = 0;
			shellPath = /bin/sh;
			shellScript = "diff \"${PODS_PODFILE_DIR_PATH}/Podfile.lock\" \"${PODS_ROOT}/Manifest.lock\" > /dev/null\nif [ $? != 0 ] ; then\n    # print error to STDERR\n    echo \"error: The sandbox is not in sync with the Podfile.lock. Run 'pod install' or update your CocoaPods installation.\" >&2\n    exit 1\nfi\n# This output is used by Xcode 'outputs' to avoid re-running this script phase.\necho \"SUCCESS\" > \"${SCRIPT_OUTPUT_FILE_0}\"\n";
			showEnvVarsInLog = 0;
		};
		91E2CA41EAC7413608F291CC /* [CP] Embed Pods Frameworks */ = {
			isa = PBXShellScriptBuildPhase;
			buildActionMask = 2147483647;
			files = (
			);
			inputFileListPaths = (
				"${PODS_ROOT}/Target Support Files/Pods-nbTest/Pods-nbTest-frameworks-${CONFIGURATION}-input-files.xcfilelist",
			);
			name = "[CP] Embed Pods Frameworks";
			outputFileListPaths = (
				"${PODS_ROOT}/Target Support Files/Pods-nbTest/Pods-nbTest-frameworks-${CONFIGURATION}-output-files.xcfilelist",
			);
			runOnlyForDeploymentPostprocessing = 0;
			shellPath = /bin/sh;
			shellScript = "\"${PODS_ROOT}/Target Support Files/Pods-nbTest/Pods-nbTest-frameworks.sh\"\n";
			showEnvVarsInLog = 0;
		};
/* End PBXShellScriptBuildPhase section */

/* Begin PBXSourcesBuildPhase section */
		5075FD59257396F30034C642 /* Sources */ = {
			isa = PBXSourcesBuildPhase;
			buildActionMask = 2147483647;
			files = (
				50FA816525777439006F58BC /* NewMessageController.swift in Sources */,
				5075FD65257396F30034C642 /* GbViewController.swift in Sources */,
				501A16E42574D73F0096669A /* GbLoginController.swift in Sources */,
				50FA816625777439006F58BC /* LoginView.swift in Sources */,
				5075FD61257396F30034C642 /* AppDelegate.swift in Sources */,
				50FA816425777439006F58BC /* MessagesController.swift in Sources */,
				501A16E52574D73F0096669A /* GbLoginView.swift in Sources */,
				507DC0CD2575E0EA000574CE /* FirebaseAd.swift in Sources */,
				5075FD63257396F30034C642 /* SceneDelegate.swift in Sources */,
				50FA816725777439006F58BC /* LoginController.swift in Sources */,
				501110132577AC95002781D6 /* User.swift in Sources */,
			);
			runOnlyForDeploymentPostprocessing = 0;
		};
/* End PBXSourcesBuildPhase section */

/* Begin PBXVariantGroup section */
		5075FD6B257396F60034C642 /* LaunchScreen.storyboard */ = {
			isa = PBXVariantGroup;
			children = (
				5075FD6C257396F60034C642 /* Base */,
			);
			name = LaunchScreen.storyboard;
			sourceTree = "<group>";
		};
/* End PBXVariantGroup section */

/* Begin XCBuildConfiguration section */
		5075FD6F257396F60034C642 /* Debug */ = {
			isa = XCBuildConfiguration;
			buildSettings = {
				ALWAYS_SEARCH_USER_PATHS = NO;
				CLANG_ANALYZER_NONNULL = YES;
				CLANG_ANALYZER_NUMBER_OBJECT_CONVERSION = YES_AGGRESSIVE;
				CLANG_CXX_LANGUAGE_STANDARD = "gnu++14";
				CLANG_CXX_LIBRARY = "libc++";
				CLANG_ENABLE_MODULES = YES;
				CLANG_ENABLE_OBJC_ARC = YES;
				CLANG_ENABLE_OBJC_WEAK = YES;
				CLANG_WARN_BLOCK_CAPTURE_AUTORELEASING = YES;
				CLANG_WARN_BOOL_CONVERSION = YES;
				CLANG_WARN_COMMA = YES;
				CLANG_WARN_CONSTANT_CONVERSION = YES;
				CLANG_WARN_DEPRECATED_OBJC_IMPLEMENTATIONS = YES;
				CLANG_WARN_DIRECT_OBJC_ISA_USAGE = YES_ERROR;
				CLANG_WARN_DOCUMENTATION_COMMENTS = YES;
				CLANG_WARN_EMPTY_BODY = YES;
				CLANG_WARN_ENUM_CONVERSION = YES;
				CLANG_WARN_INFINITE_RECURSION = YES;
				CLANG_WARN_INT_CONVERSION = YES;
				CLANG_WARN_NON_LITERAL_NULL_CONVERSION = YES;
				CLANG_WARN_OBJC_IMPLICIT_RETAIN_SELF = YES;
				CLANG_WARN_OBJC_LITERAL_CONVERSION = YES;
				CLANG_WARN_OBJC_ROOT_CLASS = YES_ERROR;
				CLANG_WARN_QUOTED_INCLUDE_IN_FRAMEWORK_HEADER = YES;
				CLANG_WARN_RANGE_LOOP_ANALYSIS = YES;
				CLANG_WARN_STRICT_PROTOTYPES = YES;
				CLANG_WARN_SUSPICIOUS_MOVE = YES;
				CLANG_WARN_UNGUARDED_AVAILABILITY = YES_AGGRESSIVE;
				CLANG_WARN_UNREACHABLE_CODE = YES;
				CLANG_WARN__DUPLICATE_METHOD_MATCH = YES;
				COPY_PHASE_STRIP = NO;
				DEBUG_INFORMATION_FORMAT = dwarf;
				ENABLE_STRICT_OBJC_MSGSEND = YES;
				ENABLE_TESTABILITY = YES;
				GCC_C_LANGUAGE_STANDARD = gnu11;
				GCC_DYNAMIC_NO_PIC = NO;
				GCC_NO_COMMON_BLOCKS = YES;
				GCC_OPTIMIZATION_LEVEL = 0;
				GCC_PREPROCESSOR_DEFINITIONS = (
					"DEBUG=1",
					"$(inherited)",
				);
				GCC_WARN_64_TO_32_BIT_CONVERSION = YES;
				GCC_WARN_ABOUT_RETURN_TYPE = YES_ERROR;
				GCC_WARN_UNDECLARED_SELECTOR = YES;
				GCC_WARN_UNINITIALIZED_AUTOS = YES_AGGRESSIVE;
				GCC_WARN_UNUSED_FUNCTION = YES;
				GCC_WARN_UNUSED_VARIABLE = YES;
				IPHONEOS_DEPLOYMENT_TARGET = 14.2;
				MTL_ENABLE_DEBUG_INFO = INCLUDE_SOURCE;
				MTL_FAST_MATH = YES;
				ONLY_ACTIVE_ARCH = YES;
				SDKROOT = iphoneos;
				SWIFT_ACTIVE_COMPILATION_CONDITIONS = DEBUG;
				SWIFT_OPTIMIZATION_LEVEL = "-Onone";
			};
			name = Debug;
		};
		5075FD70257396F60034C642 /* Release */ = {
			isa = XCBuildConfiguration;
			buildSettings = {
				ALWAYS_SEARCH_USER_PATHS = NO;
				CLANG_ANALYZER_NONNULL = YES;
				CLANG_ANALYZER_NUMBER_OBJECT_CONVERSION = YES_AGGRESSIVE;
				CLANG_CXX_LANGUAGE_STANDARD = "gnu++14";
				CLANG_CXX_LIBRARY = "libc++";
				CLANG_ENABLE_MODULES = YES;
				CLANG_ENABLE_OBJC_ARC = YES;
				CLANG_ENABLE_OBJC_WEAK = YES;
				CLANG_WARN_BLOCK_CAPTURE_AUTORELEASING = YES;
				CLANG_WARN_BOOL_CONVERSION = YES;
				CLANG_WARN_COMMA = YES;
				CLANG_WARN_CONSTANT_CONVERSION = YES;
				CLANG_WARN_DEPRECATED_OBJC_IMPLEMENTATIONS = YES;
				CLANG_WARN_DIRECT_OBJC_ISA_USAGE = YES_ERROR;
				CLANG_WARN_DOCUMENTATION_COMMENTS = YES;
				CLANG_WARN_EMPTY_BODY = YES;
				CLANG_WARN_ENUM_CONVERSION = YES;
				CLANG_WARN_INFINITE_RECURSION = YES;
				CLANG_WARN_INT_CONVERSION = YES;
				CLANG_WARN_NON_LITERAL_NULL_CONVERSION = YES;
				CLANG_WARN_OBJC_IMPLICIT_RETAIN_SELF = YES;
				CLANG_WARN_OBJC_LITERAL_CONVERSION = YES;
				CLANG_WARN_OBJC_ROOT_CLASS = YES_ERROR;
				CLANG_WARN_QUOTED_INCLUDE_IN_FRAMEWORK_HEADER = YES;
				CLANG_WARN_RANGE_LOOP_ANALYSIS = YES;
				CLANG_WARN_STRICT_PROTOTYPES = YES;
				CLANG_WARN_SUSPICIOUS_MOVE = YES;
				CLANG_WARN_UNGUARDED_AVAILABILITY = YES_AGGRESSIVE;
				CLANG_WARN_UNREACHABLE_CODE = YES;
				CLANG_WARN__DUPLICATE_METHOD_MATCH = YES;
				COPY_PHASE_STRIP = NO;
				DEBUG_INFORMATION_FORMAT = "dwarf-with-dsym";
				ENABLE_NS_ASSERTIONS = NO;
				ENABLE_STRICT_OBJC_MSGSEND = YES;
				GCC_C_LANGUAGE_STANDARD = gnu11;
				GCC_NO_COMMON_BLOCKS = YES;
				GCC_WARN_64_TO_32_BIT_CONVERSION = YES;
				GCC_WARN_ABOUT_RETURN_TYPE = YES_ERROR;
				GCC_WARN_UNDECLARED_SELECTOR = YES;
				GCC_WARN_UNINITIALIZED_AUTOS = YES_AGGRESSIVE;
				GCC_WARN_UNUSED_FUNCTION = YES;
				GCC_WARN_UNUSED_VARIABLE = YES;
				IPHONEOS_DEPLOYMENT_TARGET = 14.2;
				MTL_ENABLE_DEBUG_INFO = NO;
				MTL_FAST_MATH = YES;
				SDKROOT = iphoneos;
				SWIFT_COMPILATION_MODE = wholemodule;
				SWIFT_OPTIMIZATION_LEVEL = "-O";
				VALIDATE_PRODUCT = YES;
			};
			name = Release;
		};
		5075FD72257396F60034C642 /* Debug */ = {
			isa = XCBuildConfiguration;
			baseConfigurationReference = 085BF649AA8A5D7A3FD609BA /* Pods-nbTest.debug.xcconfig */;
			buildSettings = {
				ASSETCATALOG_COMPILER_APPICON_NAME = AppIcon;
				ASSETCATALOG_COMPILER_GLOBAL_ACCENT_COLOR_NAME = AccentColor;
				CODE_SIGN_STYLE = Automatic;
				DEVELOPMENT_TEAM = 3JD57QL5JP;
				INFOPLIST_FILE = nbTest/Info.plist;
				LD_RUNPATH_SEARCH_PATHS = (
					"$(inherited)",
					"@executable_path/Frameworks",
				);
				PRODUCT_BUNDLE_IDENTIFIER = com.ios38ru.nbTest;
				PRODUCT_NAME = "$(TARGET_NAME)";
				SWIFT_VERSION = 5.0;
				TARGETED_DEVICE_FAMILY = "1,2";
			};
			name = Debug;
		};
		5075FD73257396F60034C642 /* Release */ = {
			isa = XCBuildConfiguration;
			baseConfigurationReference = 850CA6EC14592C6209F0E5B0 /* Pods-nbTest.release.xcconfig */;
			buildSettings = {
				ASSETCATALOG_COMPILER_APPICON_NAME = AppIcon;
				ASSETCATALOG_COMPILER_GLOBAL_ACCENT_COLOR_NAME = AccentColor;
				CODE_SIGN_STYLE = Automatic;
				DEVELOPMENT_TEAM = 3JD57QL5JP;
				INFOPLIST_FILE = nbTest/Info.plist;
				LD_RUNPATH_SEARCH_PATHS = (
					"$(inherited)",
					"@executable_path/Frameworks",
				);
				PRODUCT_BUNDLE_IDENTIFIER = com.ios38ru.nbTest;
				PRODUCT_NAME = "$(TARGET_NAME)";
				SWIFT_VERSION = 5.0;
				TARGETED_DEVICE_FAMILY = "1,2";
			};
			name = Release;
		};
/* End XCBuildConfiguration section */

/* Begin XCConfigurationList section */
		5075FD58257396F30034C642 /* Build configuration list for PBXProject "nbTest" */ = {
			isa = XCConfigurationList;
			buildConfigurations = (
				5075FD6F257396F60034C642 /* Debug */,
				5075FD70257396F60034C642 /* Release */,
			);
			defaultConfigurationIsVisible = 0;
			defaultConfigurationName = Release;
		};
		5075FD71257396F60034C642 /* Build configuration list for PBXNativeTarget "nbTest" */ = {
			isa = XCConfigurationList;
			buildConfigurations = (
				5075FD72257396F60034C642 /* Debug */,
				5075FD73257396F60034C642 /* Release */,
			);
			defaultConfigurationIsVisible = 0;
			defaultConfigurationName = Release;
		};
/* End XCConfigurationList section */
	};
	rootObject = 5075FD55257396F30034C642 /* Project object */;
}
